
Microsoft Visual Studio Solution File, Format Version 12.00
# Visual Studio Version 17
VisualStudioVersion = 17.3.32901.215
MinimumVisualStudioVersion = 10.0.40219.1
Project("{FAE04EC0-301F-11D3-BF4B-00C04F79EFBC}") = "WinFormsApp1", "WinFormsApp1\WinFormsApp1.csproj", "{976D723C-2BD2-4F2A-BE0A-BD885F313420}"
EndProject
Global
	GlobalSection(SolutionConfigurationPlatforms) = preSolution
		Debug|Any CPU = Debug|Any CPU
		Release|Any CPU = Release|Any CPU
	EndGlobalSection
	GlobalSection(ProjectConfigurationPlatforms) = postSolution
		{976D723C-2BD2-4F2A-BE0A-BD885F313420}.Debug|Any CPU.ActiveCfg = Debug|Any CPU
		{976D723C-2BD2-4F2A-BE0A-BD885F313420}.Debug|Any CPU.Build.0 = Debug|Any CPU
		{976D723C-2BD2-4F2A-BE0A-BD885F313420}.Release|Any CPU.ActiveCfg = Release|Any CPU
		{976D723C-2BD2-4F2A-BE0A-BD885F313420}.Release|Any CPU.Build.0 = Release|Any CPU
	EndGlobalSection
	GlobalSection(SolutionProperties) = preSolution
		HideSolutionNode = FALSE
	EndGlobalSection
	GlobalSection(ExtensibilityGlobals) = postSolution
		SolutionGuid = {E0C16089-F7EA-43E1-A843-EEF2C6F9C6A6}
	EndGlobalSection
EndGlobal
